
Microsoft Visual Studio Solution File, Format Version 12.00
# Visual Studio Version 16
VisualStudioVersion = 16.0.29911.84
MinimumVisualStudioVersion = 10.0.40219.1
Project("{9A19103F-16F7-4668-BE54-9A1E7A4F7556}") = "SousChef", "MealPlanner\SousChef.csproj", "{2BE20846-CC49-4015-A121-FE55C3610698}"
EndProject
Project("{9A19103F-16F7-4668-BE54-9A1E7A4F7556}") = "MealEntry", "MealEntry\MealEntry.csproj", "{CCC42B71-F6CE-49F5-AA1B-3CA691E8A59B}"
EndProject
Project("{9A19103F-16F7-4668-BE54-9A1E7A4F7556}") = "SousChef.DataAccess", "MealHelperFunctions\SousChef.DataAccess.csproj", "{C34D541C-F683-4AF6-AF2C-4DDCC3EFEDF8}"
EndProject
Project("{888888A0-9F3D-457C-B088-3A5042F75D52}") = "MealOptimizer", "MealOptimizer\MealOptimizer.pyproj", "{E0EDC632-B769-47B9-9E50-DF54E50F02FD}"
EndProject
Project("{9A19103F-16F7-4668-BE54-9A1E7A4F7556}") = "SousChefTests", "SousChefTests\SousChefTests.csproj", "{C207CB42-89A7-4340-821C-C34F5E60C23C}"
EndProject
Global
	GlobalSection(SolutionConfigurationPlatforms) = preSolution
		Debug|Any CPU = Debug|Any CPU
		Release|Any CPU = Release|Any CPU
	EndGlobalSection
	GlobalSection(ProjectConfigurationPlatforms) = postSolution
		{2BE20846-CC49-4015-A121-FE55C3610698}.Debug|Any CPU.ActiveCfg = Debug|Any CPU
		{2BE20846-CC49-4015-A121-FE55C3610698}.Debug|Any CPU.Build.0 = Debug|Any CPU
		{2BE20846-CC49-4015-A121-FE55C3610698}.Release|Any CPU.ActiveCfg = Release|Any CPU
		{2BE20846-CC49-4015-A121-FE55C3610698}.Release|Any CPU.Build.0 = Release|Any CPU
		{CCC42B71-F6CE-49F5-AA1B-3CA691E8A59B}.Debug|Any CPU.ActiveCfg = Debug|Any CPU
		{CCC42B71-F6CE-49F5-AA1B-3CA691E8A59B}.Debug|Any CPU.Build.0 = Debug|Any CPU
		{CCC42B71-F6CE-49F5-AA1B-3CA691E8A59B}.Release|Any CPU.ActiveCfg = Release|Any CPU
		{CCC42B71-F6CE-49F5-AA1B-3CA691E8A59B}.Release|Any CPU.Build.0 = Release|Any CPU
		{C34D541C-F683-4AF6-AF2C-4DDCC3EFEDF8}.Debug|Any CPU.ActiveCfg = Debug|Any CPU
		{C34D541C-F683-4AF6-AF2C-4DDCC3EFEDF8}.Debug|Any CPU.Build.0 = Debug|Any CPU
		{C34D541C-F683-4AF6-AF2C-4DDCC3EFEDF8}.Release|Any CPU.ActiveCfg = Release|Any CPU
		{C34D541C-F683-4AF6-AF2C-4DDCC3EFEDF8}.Release|Any CPU.Build.0 = Release|Any CPU
		{E0EDC632-B769-47B9-9E50-DF54E50F02FD}.Debug|Any CPU.ActiveCfg = Debug|Any CPU
		{E0EDC632-B769-47B9-9E50-DF54E50F02FD}.Release|Any CPU.ActiveCfg = Release|Any CPU
		{C207CB42-89A7-4340-821C-C34F5E60C23C}.Debug|Any CPU.ActiveCfg = Debug|Any CPU
		{C207CB42-89A7-4340-821C-C34F5E60C23C}.Debug|Any CPU.Build.0 = Debug|Any CPU
		{C207CB42-89A7-4340-821C-C34F5E60C23C}.Release|Any CPU.ActiveCfg = Release|Any CPU
		{C207CB42-89A7-4340-821C-C34F5E60C23C}.Release|Any CPU.Build.0 = Release|Any CPU
	EndGlobalSection
	GlobalSection(SolutionProperties) = preSolution
		HideSolutionNode = FALSE
	EndGlobalSection
	GlobalSection(ExtensibilityGlobals) = postSolution
		SolutionGuid = {D66A191F-CCCC-4B31-8A6D-7AD36253FB43}
	EndGlobalSection
EndGlobal
